
Microsoft Visual Studio Solution File, Format Version 12.00
# Visual Studio Version 16
VisualStudioVersion = 16.0.30503.244
MinimumVisualStudioVersion = 10.0.40219.1
Project("{9A19103F-16F7-4668-BE54-9A1E7A4F7556}") = "LeetCode", "PracticeProblems\LeetCode.csproj", "{00D0C6C5-D773-4835-8C49-0693442959A5}"
EndProject
Project("{9A19103F-16F7-4668-BE54-9A1E7A4F7556}") = "Algorithms", "Algorithms\Algorithms.csproj", "{450A109B-C28A-4B71-A8D5-374A345C7DCF}"
EndProject
Global
	GlobalSection(SolutionConfigurationPlatforms) = preSolution
		Debug|Any CPU = Debug|Any CPU
		Release|Any CPU = Release|Any CPU
	EndGlobalSection
	GlobalSection(ProjectConfigurationPlatforms) = postSolution
		{00D0C6C5-D773-4835-8C49-0693442959A5}.Debug|Any CPU.ActiveCfg = Debug|Any CPU
		{00D0C6C5-D773-4835-8C49-0693442959A5}.Debug|Any CPU.Build.0 = Debug|Any CPU
		{00D0C6C5-D773-4835-8C49-0693442959A5}.Release|Any CPU.ActiveCfg = Release|Any CPU
		{00D0C6C5-D773-4835-8C49-0693442959A5}.Release|Any CPU.Build.0 = Release|Any CPU
		{450A109B-C28A-4B71-A8D5-374A345C7DCF}.Debug|Any CPU.ActiveCfg = Debug|Any CPU
		{450A109B-C28A-4B71-A8D5-374A345C7DCF}.Debug|Any CPU.Build.0 = Debug|Any CPU
		{450A109B-C28A-4B71-A8D5-374A345C7DCF}.Release|Any CPU.ActiveCfg = Release|Any CPU
		{450A109B-C28A-4B71-A8D5-374A345C7DCF}.Release|Any CPU.Build.0 = Release|Any CPU
	EndGlobalSection
	GlobalSection(SolutionProperties) = preSolution
		HideSolutionNode = FALSE
	EndGlobalSection
	GlobalSection(ExtensibilityGlobals) = postSolution
		SolutionGuid = {98D5DFBB-5DC3-4F8E-B42C-31A06D70B794}
	EndGlobalSection
EndGlobal
